
Microsoft Visual Studio Solution File, Format Version 11.00
# Visual Studio 2010
Project("{F184B08F-C81C-45F6-A57F-5ABD9991F28F}") = "ListenRichieste", "ListenRichieste\ListenRichieste.vbproj", "{468DB076-18CF-49F3-89CF-30CF1974AD80}"
EndProject
Project("{F184B08F-C81C-45F6-A57F-5ABD9991F28F}") = "SendRichesta", "SendRichesta\SendRichesta.vbproj", "{EA6B856E-89C1-4E22-BF19-9A25C9B68D93}"
	ProjectSection(ProjectDependencies) = postProject
		{468DB076-18CF-49F3-89CF-30CF1974AD80} = {468DB076-18CF-49F3-89CF-30CF1974AD80}
	EndProjectSection
EndProject
Global
	GlobalSection(TeamFoundationVersionControl) = preSolution
		SccNumberOfProjects = 3
		SccEnterpriseProvider = {4CA58AB2-18FA-4F8D-95D4-32DDF27D184C}
		SccTeamFoundationServer = http://hellen.progel.org:8080/tfs/defaultcollection
		SccLocalPath0 = .
		SccProjectUniqueName1 = ListenRichieste\\ListenRichieste.vbproj
		SccProjectName1 = ListenRichieste
		SccLocalPath1 = ListenRichieste
		SccProjectUniqueName2 = SendRichesta\\SendRichesta.vbproj
		SccProjectName2 = SendRichesta
		SccLocalPath2 = SendRichesta
	EndGlobalSection
	GlobalSection(SolutionConfigurationPlatforms) = preSolution
		Debug|Any CPU = Debug|Any CPU
		Debug|Mixed Platforms = Debug|Mixed Platforms
		Debug|x86 = Debug|x86
		Release|Any CPU = Release|Any CPU
		Release|Mixed Platforms = Release|Mixed Platforms
		Release|x86 = Release|x86
	EndGlobalSection
	GlobalSection(ProjectConfigurationPlatforms) = postSolution
		{468DB076-18CF-49F3-89CF-30CF1974AD80}.Debug|Any CPU.ActiveCfg = Debug|Any CPU
		{468DB076-18CF-49F3-89CF-30CF1974AD80}.Debug|Any CPU.Build.0 = Debug|Any CPU
		{468DB076-18CF-49F3-89CF-30CF1974AD80}.Debug|Mixed Platforms.ActiveCfg = Debug|Any CPU
		{468DB076-18CF-49F3-89CF-30CF1974AD80}.Debug|Mixed Platforms.Build.0 = Debug|Any CPU
		{468DB076-18CF-49F3-89CF-30CF1974AD80}.Debug|x86.ActiveCfg = Debug|Any CPU
		{468DB076-18CF-49F3-89CF-30CF1974AD80}.Release|Any CPU.ActiveCfg = Release|Any CPU
		{468DB076-18CF-49F3-89CF-30CF1974AD80}.Release|Any CPU.Build.0 = Release|Any CPU
		{468DB076-18CF-49F3-89CF-30CF1974AD80}.Release|Mixed Platforms.ActiveCfg = Release|Any CPU
		{468DB076-18CF-49F3-89CF-30CF1974AD80}.Release|Mixed Platforms.Build.0 = Release|Any CPU
		{468DB076-18CF-49F3-89CF-30CF1974AD80}.Release|x86.ActiveCfg = Release|Any CPU
		{EA6B856E-89C1-4E22-BF19-9A25C9B68D93}.Debug|Any CPU.ActiveCfg = Debug|x86
		{EA6B856E-89C1-4E22-BF19-9A25C9B68D93}.Debug|Mixed Platforms.ActiveCfg = Debug|x86
		{EA6B856E-89C1-4E22-BF19-9A25C9B68D93}.Debug|Mixed Platforms.Build.0 = Debug|x86
		{EA6B856E-89C1-4E22-BF19-9A25C9B68D93}.Debug|x86.ActiveCfg = Debug|x86
		{EA6B856E-89C1-4E22-BF19-9A25C9B68D93}.Debug|x86.Build.0 = Debug|x86
		{EA6B856E-89C1-4E22-BF19-9A25C9B68D93}.Release|Any CPU.ActiveCfg = Release|x86
		{EA6B856E-89C1-4E22-BF19-9A25C9B68D93}.Release|Mixed Platforms.ActiveCfg = Release|x86
		{EA6B856E-89C1-4E22-BF19-9A25C9B68D93}.Release|Mixed Platforms.Build.0 = Release|x86
		{EA6B856E-89C1-4E22-BF19-9A25C9B68D93}.Release|x86.ActiveCfg = Release|x86
		{EA6B856E-89C1-4E22-BF19-9A25C9B68D93}.Release|x86.Build.0 = Release|x86
	EndGlobalSection
	GlobalSection(SolutionProperties) = preSolution
		HideSolutionNode = FALSE
	EndGlobalSection
EndGlobal
