
Microsoft Visual Studio Solution File, Format Version 11.00
# Visual Studio 2010
Project("{F184B08F-C81C-45F6-A57F-5ABD9991F28F}") = "SendStato", "SendStato\SendStato.vbproj", "{BADC4F2C-2DF3-43CB-949F-B5801258A8CF}"
	ProjectSection(ProjectDependencies) = postProject
		{8F760BCF-C843-4EA1-BD65-F2B13DA9EFA3} = {8F760BCF-C843-4EA1-BD65-F2B13DA9EFA3}
	EndProjectSection
EndProject
Project("{F184B08F-C81C-45F6-A57F-5ABD9991F28F}") = "ListenStato", "ListenStato\ListenStato.vbproj", "{8F760BCF-C843-4EA1-BD65-F2B13DA9EFA3}"
EndProject
Global
	GlobalSection(TeamFoundationVersionControl) = preSolution
		SccNumberOfProjects = 3
		SccEnterpriseProvider = {4CA58AB2-18FA-4F8D-95D4-32DDF27D184C}
		SccTeamFoundationServer = http://hellen.progel.org:8080/tfs/defaultcollection
		SccLocalPath0 = .
		SccProjectUniqueName1 = ListenStato\\ListenStato.vbproj
		SccProjectName1 = ListenStato
		SccLocalPath1 = ListenStato
		SccProjectUniqueName2 = SendStato\\SendStato.vbproj
		SccProjectName2 = SendStato
		SccLocalPath2 = SendStato
	EndGlobalSection
	GlobalSection(SolutionConfigurationPlatforms) = preSolution
		Debug|Any CPU = Debug|Any CPU
		Debug|Mixed Platforms = Debug|Mixed Platforms
		Debug|x86 = Debug|x86
		Release|Any CPU = Release|Any CPU
		Release|Mixed Platforms = Release|Mixed Platforms
		Release|x86 = Release|x86
	EndGlobalSection
	GlobalSection(ProjectConfigurationPlatforms) = postSolution
		{BADC4F2C-2DF3-43CB-949F-B5801258A8CF}.Debug|Any CPU.ActiveCfg = Debug|x86
		{BADC4F2C-2DF3-43CB-949F-B5801258A8CF}.Debug|Mixed Platforms.ActiveCfg = Debug|x86
		{BADC4F2C-2DF3-43CB-949F-B5801258A8CF}.Debug|Mixed Platforms.Build.0 = Debug|x86
		{BADC4F2C-2DF3-43CB-949F-B5801258A8CF}.Debug|x86.ActiveCfg = Debug|x86
		{BADC4F2C-2DF3-43CB-949F-B5801258A8CF}.Debug|x86.Build.0 = Debug|x86
		{BADC4F2C-2DF3-43CB-949F-B5801258A8CF}.Release|Any CPU.ActiveCfg = Release|x86
		{BADC4F2C-2DF3-43CB-949F-B5801258A8CF}.Release|Mixed Platforms.ActiveCfg = Release|x86
		{BADC4F2C-2DF3-43CB-949F-B5801258A8CF}.Release|Mixed Platforms.Build.0 = Release|x86
		{BADC4F2C-2DF3-43CB-949F-B5801258A8CF}.Release|x86.ActiveCfg = Release|x86
		{BADC4F2C-2DF3-43CB-949F-B5801258A8CF}.Release|x86.Build.0 = Release|x86
		{8F760BCF-C843-4EA1-BD65-F2B13DA9EFA3}.Debug|Any CPU.ActiveCfg = Debug|Any CPU
		{8F760BCF-C843-4EA1-BD65-F2B13DA9EFA3}.Debug|Any CPU.Build.0 = Debug|Any CPU
		{8F760BCF-C843-4EA1-BD65-F2B13DA9EFA3}.Debug|Mixed Platforms.ActiveCfg = Debug|Any CPU
		{8F760BCF-C843-4EA1-BD65-F2B13DA9EFA3}.Debug|Mixed Platforms.Build.0 = Debug|Any CPU
		{8F760BCF-C843-4EA1-BD65-F2B13DA9EFA3}.Debug|x86.ActiveCfg = Debug|Any CPU
		{8F760BCF-C843-4EA1-BD65-F2B13DA9EFA3}.Release|Any CPU.ActiveCfg = Release|Any CPU
		{8F760BCF-C843-4EA1-BD65-F2B13DA9EFA3}.Release|Any CPU.Build.0 = Release|Any CPU
		{8F760BCF-C843-4EA1-BD65-F2B13DA9EFA3}.Release|Mixed Platforms.ActiveCfg = Release|Any CPU
		{8F760BCF-C843-4EA1-BD65-F2B13DA9EFA3}.Release|Mixed Platforms.Build.0 = Release|Any CPU
		{8F760BCF-C843-4EA1-BD65-F2B13DA9EFA3}.Release|x86.ActiveCfg = Release|Any CPU
	EndGlobalSection
	GlobalSection(SolutionProperties) = preSolution
		HideSolutionNode = FALSE
	EndGlobalSection
EndGlobal
