
Microsoft Visual Studio Solution File, Format Version 11.00
# Visual Studio 2010
Project("{F184B08F-C81C-45F6-A57F-5ABD9991F28F}") = "OE.Core", "OE.Core.vbproj", "{4146E959-65F6-49D8-87F5-358333EF2DD9}"
EndProject
Global
	GlobalSection(TeamFoundationVersionControl) = preSolution
		SccNumberOfProjects = 2
		SccEnterpriseProvider = {4CA58AB2-18FA-4F8D-95D4-32DDF27D184C}
		SccTeamFoundationServer = http://hellen.progel.org:8080/tfs/defaultcollection
		SccLocalPath0 = .
		SccProjectUniqueName1 = OE.Core.vbproj
		SccLocalPath1 = .
	EndGlobalSection
	GlobalSection(SolutionConfigurationPlatforms) = preSolution
		Debug|Any CPU = Debug|Any CPU
		Release|Any CPU = Release|Any CPU
	EndGlobalSection
	GlobalSection(ProjectConfigurationPlatforms) = postSolution
		{4146E959-65F6-49D8-87F5-358333EF2DD9}.Debug|Any CPU.ActiveCfg = Debug|Any CPU
		{4146E959-65F6-49D8-87F5-358333EF2DD9}.Debug|Any CPU.Build.0 = Debug|Any CPU
		{4146E959-65F6-49D8-87F5-358333EF2DD9}.Release|Any CPU.ActiveCfg = Release|Any CPU
		{4146E959-65F6-49D8-87F5-358333EF2DD9}.Release|Any CPU.Build.0 = Release|Any CPU
	EndGlobalSection
	GlobalSection(SolutionProperties) = preSolution
		HideSolutionNode = FALSE
	EndGlobalSection
EndGlobal
